
Microsoft Visual Studio Solution File, Format Version 12.00
# Visual Studio Version 17
VisualStudioVersion = 17.0.31912.275
MinimumVisualStudioVersion = 10.0.40219.1
Project("{9A19103F-16F7-4668-BE54-9A1E7A4F7556}") = "RedditClone.Server", "RedditClone\Server\RedditClone.Server.csproj", "{B8022764-025F-486E-A226-DE887545EA4F}"
EndProject
Project("{9A19103F-16F7-4668-BE54-9A1E7A4F7556}") = "RedditClone.Client", "RedditClone\Client\RedditClone.Client.csproj", "{D4490BDE-D118-4F47-BFC6-31FCD37032A5}"
EndProject
Project("{9A19103F-16F7-4668-BE54-9A1E7A4F7556}") = "RedditClone.Shared", "RedditClone\Shared\RedditClone.Shared.csproj", "{D5BC0210-9F25-4C27-92C9-81C595125219}"
EndProject
Global
	GlobalSection(SolutionConfigurationPlatforms) = preSolution
		Debug|Any CPU = Debug|Any CPU
		Release|Any CPU = Release|Any CPU
	EndGlobalSection
	GlobalSection(ProjectConfigurationPlatforms) = postSolution
		{B8022764-025F-486E-A226-DE887545EA4F}.Debug|Any CPU.ActiveCfg = Debug|Any CPU
		{B8022764-025F-486E-A226-DE887545EA4F}.Debug|Any CPU.Build.0 = Debug|Any CPU
		{B8022764-025F-486E-A226-DE887545EA4F}.Release|Any CPU.ActiveCfg = Release|Any CPU
		{B8022764-025F-486E-A226-DE887545EA4F}.Release|Any CPU.Build.0 = Release|Any CPU
		{D4490BDE-D118-4F47-BFC6-31FCD37032A5}.Debug|Any CPU.ActiveCfg = Debug|Any CPU
		{D4490BDE-D118-4F47-BFC6-31FCD37032A5}.Debug|Any CPU.Build.0 = Debug|Any CPU
		{D4490BDE-D118-4F47-BFC6-31FCD37032A5}.Release|Any CPU.ActiveCfg = Release|Any CPU
		{D4490BDE-D118-4F47-BFC6-31FCD37032A5}.Release|Any CPU.Build.0 = Release|Any CPU
		{D5BC0210-9F25-4C27-92C9-81C595125219}.Debug|Any CPU.ActiveCfg = Debug|Any CPU
		{D5BC0210-9F25-4C27-92C9-81C595125219}.Debug|Any CPU.Build.0 = Debug|Any CPU
		{D5BC0210-9F25-4C27-92C9-81C595125219}.Release|Any CPU.ActiveCfg = Release|Any CPU
		{D5BC0210-9F25-4C27-92C9-81C595125219}.Release|Any CPU.Build.0 = Release|Any CPU
	EndGlobalSection
	GlobalSection(SolutionProperties) = preSolution
		HideSolutionNode = FALSE
	EndGlobalSection
	GlobalSection(ExtensibilityGlobals) = postSolution
		SolutionGuid = {D0C03BF4-56EA-4CDA-86C0-2FE170E79D3D}
	EndGlobalSection
EndGlobal
